// !$*UTF8*$!
{
	archiveVersion = 1;
	classes = {
	};
	objectVersion = 48;
	objects = {

/* Begin PBXBuildFile section */
		6755D75E2071ADE2003B187D /* Extension.swift in Sources */ = {isa = PBXBuildFile; fileRef = 6755D75D2071ADE2003B187D /* Extension.swift */; };
		6758555820709D0800072CC5 /* AppDelegate.swift in Sources */ = {isa = PBXBuildFile; fileRef = 6758555720709D0800072CC5 /* AppDelegate.swift */; };
		6758555A20709D0800072CC5 /* ViewController.swift in Sources */ = {isa = PBXBuildFile; fileRef = 6758555920709D0800072CC5 /* ViewController.swift */; };
		6758555D20709D0800072CC5 /* Main.storyboard in Resources */ = {isa = PBXBuildFile; fileRef = 6758555B20709D0800072CC5 /* Main.storyboard */; };
		6758555F20709D0800072CC5 /* Assets.xcassets in Resources */ = {isa = PBXBuildFile; fileRef = 6758555E20709D0800072CC5 /* Assets.xcassets */; };
		6758556220709D0800072CC5 /* LaunchScreen.storyboard in Resources */ = {isa = PBXBuildFile; fileRef = 6758556020709D0800072CC5 /* LaunchScreen.storyboard */; };
		6758556A2070A21C00072CC5 /* HanguelNumber.swift in Sources */ = {isa = PBXBuildFile; fileRef = 675855692070A21C00072CC5 /* HanguelNumber.swift */; };
		6758556C2070A40E00072CC5 /* HanguelArithSigne.swift in Sources */ = {isa = PBXBuildFile; fileRef = 6758556B2070A40E00072CC5 /* HanguelArithSigne.swift */; };
/* End PBXBuildFile section */

/* Begin PBXFileReference section */
		6755D75D2071ADE2003B187D /* Extension.swift */ = {isa = PBXFileReference; lastKnownFileType = sourcecode.swift; path = Extension.swift; sourceTree = "<group>"; };
		6758555420709D0800072CC5 /* HanguelCalculator.app */ = {isa = PBXFileReference; explicitFileType = wrapper.application; includeInIndex = 0; path = HanguelCalculator.app; sourceTree = BUILT_PRODUCTS_DIR; };
		6758555720709D0800072CC5 /* AppDelegate.swift */ = {isa = PBXFileReference; lastKnownFileType = sourcecode.swift; path = AppDelegate.swift; sourceTree = "<group>"; };
		6758555920709D0800072CC5 /* ViewController.swift */ = {isa = PBXFileReference; lastKnownFileType = sourcecode.swift; path = ViewController.swift; sourceTree = "<group>"; };
		6758555C20709D0800072CC5 /* Base */ = {isa = PBXFileReference; lastKnownFileType = file.storyboard; name = Base; path = Base.lproj/Main.storyboard; sourceTree = "<group>"; };
		6758555E20709D0800072CC5 /* Assets.xcassets */ = {isa = PBXFileReference; lastKnownFileType = folder.assetcatalog; path = Assets.xcassets; sourceTree = "<group>"; };
		6758556120709D0800072CC5 /* Base */ = {isa = PBXFileReference; lastKnownFileType = file.storyboard; name = Base; path = Base.lproj/LaunchScreen.storyboard; sourceTree = "<group>"; };
		6758556320709D0800072CC5 /* Info.plist */ = {isa = PBXFileReference; lastKnownFileType = text.plist.xml; path = Info.plist; sourceTree = "<group>"; };
		675855692070A21C00072CC5 /* HanguelNumber.swift */ = {isa = PBXFileReference; lastKnownFileType = sourcecode.swift; path = HanguelNumber.swift; sourceTree = "<group>"; };
		6758556B2070A40E00072CC5 /* HanguelArithSigne.swift */ = {isa = PBXFileReference; lastKnownFileType = sourcecode.swift; path = HanguelArithSigne.swift; sourceTree = "<group>"; };
/* End PBXFileReference section */

/* Begin PBXFrameworksBuildPhase section */
		6758555120709D0800072CC5 /* Frameworks */ = {
			isa = PBXFrameworksBuildPhase;
			buildActionMask = 2147483647;
			files = (
			);
			runOnlyForDeploymentPostprocessing = 0;
		};
/* End PBXFrameworksBuildPhase section */

/* Begin PBXGroup section */
		6758554B20709D0800072CC5 = {
			isa = PBXGroup;
			children = (
				6758555620709D0800072CC5 /* HanguelCalculator */,
				6758555520709D0800072CC5 /* Products */,
			);
			sourceTree = "<group>";
		};
		6758555520709D0800072CC5 /* Products */ = {
			isa = PBXGroup;
			children = (
				6758555420709D0800072CC5 /* HanguelCalculator.app */,
			);
			name = Products;
			sourceTree = "<group>";
		};
		6758555620709D0800072CC5 /* HanguelCalculator */ = {
			isa = PBXGroup;
			children = (
				6758555720709D0800072CC5 /* AppDelegate.swift */,
				6758555920709D0800072CC5 /* ViewController.swift */,
				675855692070A21C00072CC5 /* HanguelNumber.swift */,
				6758556B2070A40E00072CC5 /* HanguelArithSigne.swift */,
				6755D75D2071ADE2003B187D /* Extension.swift */,
				6758555B20709D0800072CC5 /* Main.storyboard */,
				6758555E20709D0800072CC5 /* Assets.xcassets */,
				6758556020709D0800072CC5 /* LaunchScreen.storyboard */,
				6758556320709D0800072CC5 /* Info.plist */,
			);
			path = HanguelCalculator;
			sourceTree = "<group>";
		};
/* End PBXGroup section */

/* Begin PBXNativeTarget section */
		6758555320709D0800072CC5 /* HanguelCalculator */ = {
			isa = PBXNativeTarget;
			buildConfigurationList = 6758556620709D0800072CC5 /* Build configuration list for PBXNativeTarget "HanguelCalculator" */;
			buildPhases = (
				6758555020709D0800072CC5 /* Sources */,
				6758555120709D0800072CC5 /* Frameworks */,
				6758555220709D0800072CC5 /* Resources */,
			);
			buildRules = (
			);
			dependencies = (
			);
			name = HanguelCalculator;
			productName = HanguelCalculator;
			productReference = 6758555420709D0800072CC5 /* HanguelCalculator.app */;
			productType = "com.apple.product-type.application";
		};
/* End PBXNativeTarget section */

/* Begin PBXProject section */
		6758554C20709D0800072CC5 /* Project object */ = {
			isa = PBXProject;
			attributes = {
				LastSwiftUpdateCheck = 0920;
				LastUpgradeCheck = 0920;
				ORGANIZATIONNAME = "정기웅";
				TargetAttributes = {
					6758555320709D0800072CC5 = {
						CreatedOnToolsVersion = 9.2;
						ProvisioningStyle = Automatic;
					};
				};
			};
			buildConfigurationList = 6758554F20709D0800072CC5 /* Build configuration list for PBXProject "HanguelCalculator" */;
			compatibilityVersion = "Xcode 8.0";
			developmentRegion = en;
			hasScannedForEncodings = 0;
			knownRegions = (
				en,
				Base,
			);
			mainGroup = 6758554B20709D0800072CC5;
			productRefGroup = 6758555520709D0800072CC5 /* Products */;
			projectDirPath = "";
			projectRoot = "";
			targets = (
				6758555320709D0800072CC5 /* HanguelCalculator */,
			);
		};
/* End PBXProject section */

/* Begin PBXResourcesBuildPhase section */
		6758555220709D0800072CC5 /* Resources */ = {
			isa = PBXResourcesBuildPhase;
			buildActionMask = 2147483647;
			files = (
				6758556220709D0800072CC5 /* LaunchScreen.storyboard in Resources */,
				6758555F20709D0800072CC5 /* Assets.xcassets in Resources */,
				6758555D20709D0800072CC5 /* Main.storyboard in Resources */,
			);
			runOnlyForDeploymentPostprocessing = 0;
		};
/* End PBXResourcesBuildPhase section */

/* Begin PBXSourcesBuildPhase section */
		6758555020709D0800072CC5 /* Sources */ = {
			isa = PBXSourcesBuildPhase;
			buildActionMask = 2147483647;
			files = (
				6755D75E2071ADE2003B187D /* Extension.swift in Sources */,
				6758555A20709D0800072CC5 /* ViewController.swift in Sources */,
				6758556C2070A40E00072CC5 /* HanguelArithSigne.swift in Sources */,
				6758555820709D0800072CC5 /* AppDelegate.swift in Sources */,
				6758556A2070A21C00072CC5 /* HanguelNumber.swift in Sources */,
			);
			runOnlyForDeploymentPostprocessing = 0;
		};
/* End PBXSourcesBuildPhase section */

/* Begin PBXVariantGroup section */
		6758555B20709D0800072CC5 /* Main.storyboard */ = {
			isa = PBXVariantGroup;
			children = (
				6758555C20709D0800072CC5 /* Base */,
			);
			name = Main.storyboard;
			sourceTree = "<group>";
		};
		6758556020709D0800072CC5 /* LaunchScreen.storyboard */ = {
			isa = PBXVariantGroup;
			children = (
				6758556120709D0800072CC5 /* Base */,
			);
			name = LaunchScreen.storyboard;
			sourceTree = "<group>";
		};
/* End PBXVariantGroup section */

/* Begin XCBuildConfiguration section */
		6758556420709D0800072CC5 /* Debug */ = {
			isa = XCBuildConfiguration;
			buildSettings = {
				ALWAYS_SEARCH_USER_PATHS = NO;
				CLANG_ANALYZER_NONNULL = YES;
				CLANG_ANALYZER_NUMBER_OBJECT_CONVERSION = YES_AGGRESSIVE;
				CLANG_CXX_LANGUAGE_STANDARD = "gnu++14";
				CLANG_CXX_LIBRARY = "libc++";
				CLANG_ENABLE_MODULES = YES;
				CLANG_ENABLE_OBJC_ARC = YES;
				CLANG_WARN_BLOCK_CAPTURE_AUTORELEASING = YES;
				CLANG_WARN_BOOL_CONVERSION = YES;
				CLANG_WARN_COMMA = YES;
				CLANG_WARN_CONSTANT_CONVERSION = YES;
				CLANG_WARN_DIRECT_OBJC_ISA_USAGE = YES_ERROR;
				CLANG_WARN_DOCUMENTATION_COMMENTS = YES;
				CLANG_WARN_EMPTY_BODY = YES;
				CLANG_WARN_ENUM_CONVERSION = YES;
				CLANG_WARN_INFINITE_RECURSION = YES;
				CLANG_WARN_INT_CONVERSION = YES;
				CLANG_WARN_NON_LITERAL_NULL_CONVERSION = YES;
				CLANG_WARN_OBJC_LITERAL_CONVERSION = YES;
				CLANG_WARN_OBJC_ROOT_CLASS = YES_ERROR;
				CLANG_WARN_RANGE_LOOP_ANALYSIS = YES;
				CLANG_WARN_STRICT_PROTOTYPES = YES;
				CLANG_WARN_SUSPICIOUS_MOVE = YES;
				CLANG_WARN_UNGUARDED_AVAILABILITY = YES_AGGRESSIVE;
				CLANG_WARN_UNREACHABLE_CODE = YES;
				CLANG_WARN__DUPLICATE_METHOD_MATCH = YES;
				CODE_SIGN_IDENTITY = "iPhone Developer";
				COPY_PHASE_STRIP = NO;
				DEBUG_INFORMATION_FORMAT = dwarf;
				ENABLE_STRICT_OBJC_MSGSEND = YES;
				ENABLE_TESTABILITY = YES;
				GCC_C_LANGUAGE_STANDARD = gnu11;
				GCC_DYNAMIC_NO_PIC = NO;
				GCC_NO_COMMON_BLOCKS = YES;
				GCC_OPTIMIZATION_LEVEL = 0;
				GCC_PREPROCESSOR_DEFINITIONS = (
					"DEBUG=1",
					"$(inherited)",
				);
				GCC_WARN_64_TO_32_BIT_CONVERSION = YES;
				GCC_WARN_ABOUT_RETURN_TYPE = YES_ERROR;
				GCC_WARN_UNDECLARED_SELECTOR = YES;
				GCC_WARN_UNINITIALIZED_AUTOS = YES_AGGRESSIVE;
				GCC_WARN_UNUSED_FUNCTION = YES;
				GCC_WARN_UNUSED_VARIABLE = YES;
				IPHONEOS_DEPLOYMENT_TARGET = 11.2;
				MTL_ENABLE_DEBUG_INFO = YES;
				ONLY_ACTIVE_ARCH = YES;
				SDKROOT = iphoneos;
				SWIFT_ACTIVE_COMPILATION_CONDITIONS = DEBUG;
				SWIFT_OPTIMIZATION_LEVEL = "-Onone";
			};
			name = Debug;
		};
		6758556520709D0800072CC5 /* Release */ = {
			isa = XCBuildConfiguration;
			buildSettings = {
				ALWAYS_SEARCH_USER_PATHS = NO;
				CLANG_ANALYZER_NONNULL = YES;
				CLANG_ANALYZER_NUMBER_OBJECT_CONVERSION = YES_AGGRESSIVE;
				CLANG_CXX_LANGUAGE_STANDARD = "gnu++14";
				CLANG_CXX_LIBRARY = "libc++";
				CLANG_ENABLE_MODULES = YES;
				CLANG_ENABLE_OBJC_ARC = YES;
				CLANG_WARN_BLOCK_CAPTURE_AUTORELEASING = YES;
				CLANG_WARN_BOOL_CONVERSION = YES;
				CLANG_WARN_COMMA = YES;
				CLANG_WARN_CONSTANT_CONVERSION = YES;
				CLANG_WARN_DIRECT_OBJC_ISA_USAGE = YES_ERROR;
				CLANG_WARN_DOCUMENTATION_COMMENTS = YES;
				CLANG_WARN_EMPTY_BODY = YES;
				CLANG_WARN_ENUM_CONVERSION = YES;
				CLANG_WARN_INFINITE_RECURSION = YES;
				CLANG_WARN_INT_CONVERSION = YES;
				CLANG_WARN_NON_LITERAL_NULL_CONVERSION = YES;
				CLANG_WARN_OBJC_LITERAL_CONVERSION = YES;
				CLANG_WARN_OBJC_ROOT_CLASS = YES_ERROR;
				CLANG_WARN_RANGE_LOOP_ANALYSIS = YES;
				CLANG_WARN_STRICT_PROTOTYPES = YES;
				CLANG_WARN_SUSPICIOUS_MOVE = YES;
				CLANG_WARN_UNGUARDED_AVAILABILITY = YES_AGGRESSIVE;
				CLANG_WARN_UNREACHABLE_CODE = YES;
				CLANG_WARN__DUPLICATE_METHOD_MATCH = YES;
				CODE_SIGN_IDENTITY = "iPhone Developer";
				COPY_PHASE_STRIP = NO;
				DEBUG_INFORMATION_FORMAT = "dwarf-with-dsym";
				ENABLE_NS_ASSERTIONS = NO;
				ENABLE_STRICT_OBJC_MSGSEND = YES;
				GCC_C_LANGUAGE_STANDARD = gnu11;
				GCC_NO_COMMON_BLOCKS = YES;
				GCC_WARN_64_TO_32_BIT_CONVERSION = YES;
				GCC_WARN_ABOUT_RETURN_TYPE = YES_ERROR;
				GCC_WARN_UNDECLARED_SELECTOR = YES;
				GCC_WARN_UNINITIALIZED_AUTOS = YES_AGGRESSIVE;
				GCC_WARN_UNUSED_FUNCTION = YES;
				GCC_WARN_UNUSED_VARIABLE = YES;
				IPHONEOS_DEPLOYMENT_TARGET = 11.2;
				MTL_ENABLE_DEBUG_INFO = NO;
				SDKROOT = iphoneos;
				SWIFT_OPTIMIZATION_LEVEL = "-Owholemodule";
				VALIDATE_PRODUCT = YES;
			};
			name = Release;
		};
		6758556720709D0800072CC5 /* Debug */ = {
			isa = XCBuildConfiguration;
			buildSettings = {
				ASSETCATALOG_COMPILER_APPICON_NAME = AppIcon;
				CODE_SIGN_STYLE = Automatic;
				DEVELOPMENT_TEAM = VG64MCHQ4X;
				INFOPLIST_FILE = HanguelCalculator/Info.plist;
				LD_RUNPATH_SEARCH_PATHS = "$(inherited) @executable_path/Frameworks";
				PRODUCT_BUNDLE_IDENTIFIER = JKU.HanguelCalculator;
				PRODUCT_NAME = "$(TARGET_NAME)";
				SWIFT_VERSION = 4.0;
				TARGETED_DEVICE_FAMILY = "1,2";
			};
			name = Debug;
		};
		6758556820709D0800072CC5 /* Release */ = {
			isa = XCBuildConfiguration;
			buildSettings = {
				ASSETCATALOG_COMPILER_APPICON_NAME = AppIcon;
				CODE_SIGN_STYLE = Automatic;
				DEVELOPMENT_TEAM = VG64MCHQ4X;
				INFOPLIST_FILE = HanguelCalculator/Info.plist;
				LD_RUNPATH_SEARCH_PATHS = "$(inherited) @executable_path/Frameworks";
				PRODUCT_BUNDLE_IDENTIFIER = JKU.HanguelCalculator;
				PRODUCT_NAME = "$(TARGET_NAME)";
				SWIFT_VERSION = 4.0;
				TARGETED_DEVICE_FAMILY = "1,2";
			};
			name = Release;
		};
/* End XCBuildConfiguration section */

/* Begin XCConfigurationList section */
		6758554F20709D0800072CC5 /* Build configuration list for PBXProject "HanguelCalculator" */ = {
			isa = XCConfigurationList;
			buildConfigurations = (
				6758556420709D0800072CC5 /* Debug */,
				6758556520709D0800072CC5 /* Release */,
			);
			defaultConfigurationIsVisible = 0;
			defaultConfigurationName = Release;
		};
		6758556620709D0800072CC5 /* Build configuration list for PBXNativeTarget "HanguelCalculator" */ = {
			isa = XCConfigurationList;
			buildConfigurations = (
				6758556720709D0800072CC5 /* Debug */,
				6758556820709D0800072CC5 /* Release */,
			);
			defaultConfigurationIsVisible = 0;
			defaultConfigurationName = Release;
		};
/* End XCConfigurationList section */
	};
	rootObject = 6758554C20709D0800072CC5 /* Project object */;
}
